// !$*UTF8*$!
{
	archiveVersion = 1;
	classes = {
	};
	objectVersion = 50;
	objects = {

/* Begin PBXBuildFile section */
		2B068BCF23C259A4007893BC /* CreateView.swift in Sources */ = {isa = PBXBuildFile; fileRef = 2B068BCE23C259A4007893BC /* CreateView.swift */; };
		2B068BD223C26A6E007893BC /* RaceView.swift in Sources */ = {isa = PBXBuildFile; fileRef = 2B068BD123C26A6E007893BC /* RaceView.swift */; };
		2B068BD523C26C0F007893BC /* Race.swift in Sources */ = {isa = PBXBuildFile; fileRef = 2B068BD423C26C0F007893BC /* Race.swift */; };
		2B068BE023C2B495007893BC /* Traits.swift in Sources */ = {isa = PBXBuildFile; fileRef = 2B068BDF23C2B495007893BC /* Traits.swift */; };
		2B068BE223C2B6B2007893BC /* DetailView.swift in Sources */ = {isa = PBXBuildFile; fileRef = 2B068BE123C2B6B2007893BC /* DetailView.swift */; };
		2B068BEB23C2C879007893BC /* ClassView.swift in Sources */ = {isa = PBXBuildFile; fileRef = 2B068BEA23C2C879007893BC /* ClassView.swift */; };
		2B068BEE23C2C920007893BC /* CharacterClass.swift in Sources */ = {isa = PBXBuildFile; fileRef = 2B068BED23C2C920007893BC /* CharacterClass.swift */; };
		2B068BEF23C2CCBA007893BC /* 5e-SRD-Races.json in Resources */ = {isa = PBXBuildFile; fileRef = 2B068BE623C2C814007893BC /* 5e-SRD-Races.json */; };
		2B068BF023C2CCBA007893BC /* 5e-SRD-Classes.json in Resources */ = {isa = PBXBuildFile; fileRef = 2B068BE723C2C814007893BC /* 5e-SRD-Classes.json */; };
		2B068BF123C2CCBA007893BC /* 5e-SRD-Subraces.json in Resources */ = {isa = PBXBuildFile; fileRef = 2B068BE823C2C814007893BC /* 5e-SRD-Subraces.json */; };
		2B068BF223C2CCBA007893BC /* 5e-SRD-Traits.json in Resources */ = {isa = PBXBuildFile; fileRef = 2B068BE923C2C814007893BC /* 5e-SRD-Traits.json */; };
		2B16BCE523D80A6E00360928 /* UtiliyStructs.swift in Sources */ = {isa = PBXBuildFile; fileRef = 2B16BCE423D80A6E00360928 /* UtiliyStructs.swift */; };
		2B16BCE923D80B0D00360928 /* 5e-SRD-Equipment.json in Resources */ = {isa = PBXBuildFile; fileRef = 2B16BCE823D80B0D00360928 /* 5e-SRD-Equipment.json */; };
		2B16BCEB23D80B1800360928 /* 5e-SRD-Equipment-Categories.json in Resources */ = {isa = PBXBuildFile; fileRef = 2B16BCEA23D80B1800360928 /* 5e-SRD-Equipment-Categories.json */; };
		2B16BCED23D80B4D00360928 /* Equipment.swift in Sources */ = {isa = PBXBuildFile; fileRef = 2B16BCEC23D80B4D00360928 /* Equipment.swift */; };
		2B16BCEF23D8172800360928 /* 5e-SRD-StartingEquipment.json in Resources */ = {isa = PBXBuildFile; fileRef = 2B16BCEE23D8172800360928 /* 5e-SRD-StartingEquipment.json */; };
		2B1AEAE823C6A49C00C7826B /* StatCreationView.swift in Sources */ = {isa = PBXBuildFile; fileRef = 2B1AEAE723C6A49C00C7826B /* StatCreationView.swift */; };
		2B1F45DF246B4E5E00CA6BC7 /* SkillCheckView.swift in Sources */ = {isa = PBXBuildFile; fileRef = 2B1F45DE246B4E5E00CA6BC7 /* SkillCheckView.swift */; };
		2B25B397238B2330000E022B /* FDFyreDice.swift in Sources */ = {isa = PBXBuildFile; fileRef = 2B25B396238B2330000E022B /* FDFyreDice.swift */; };
		2B25B399238B2B52000E022B /* DiceView.swift in Sources */ = {isa = PBXBuildFile; fileRef = 2B25B398238B2B52000E022B /* DiceView.swift */; };
		2B27BF9523BFFEE0001719A0 /* 3dice.aif in Resources */ = {isa = PBXBuildFile; fileRef = 2B25B391238B22F8000E022B /* 3dice.aif */; };
		2B27BF9623BFFEE0001719A0 /* DeathSound.aif in Resources */ = {isa = PBXBuildFile; fileRef = 2B25B392238B22F8000E022B /* DeathSound.aif */; };
		2B27BF9723BFFEE0001719A0 /* 10dice.aif in Resources */ = {isa = PBXBuildFile; fileRef = 2B25B393238B22F8000E022B /* 10dice.aif */; };
		2B27BF9823BFFEE0001719A0 /* Awww.aif in Resources */ = {isa = PBXBuildFile; fileRef = 2B25B394238B22F8000E022B /* Awww.aif */; };
		2B27BF9923BFFEE0001719A0 /* 1die.aif in Resources */ = {isa = PBXBuildFile; fileRef = 2B25B395238B22F8000E022B /* 1die.aif */; };
		2B2CF77F23D513F500167DB3 /* DescriptionView.swift in Sources */ = {isa = PBXBuildFile; fileRef = 2B2CF77E23D513F500167DB3 /* DescriptionView.swift */; };
		2B4D5CEA246C8E6C003AAC3C /* DicePickerView.swift in Sources */ = {isa = PBXBuildFile; fileRef = 2B4D5CE9246C8E6C003AAC3C /* DicePickerView.swift */; };
		2B4D5CEC246CA421003AAC3C /* WeaponAction.swift in Sources */ = {isa = PBXBuildFile; fileRef = 2B4D5CEB246CA421003AAC3C /* WeaponAction.swift */; };
		2B68909D236B812700EC8948 /* AppDelegate.swift in Sources */ = {isa = PBXBuildFile; fileRef = 2B68909C236B812700EC8948 /* AppDelegate.swift */; };
		2B68909F236B812700EC8948 /* SceneDelegate.swift in Sources */ = {isa = PBXBuildFile; fileRef = 2B68909E236B812700EC8948 /* SceneDelegate.swift */; };
		2B6890A1236B812700EC8948 /* ActionView.swift in Sources */ = {isa = PBXBuildFile; fileRef = 2B6890A0236B812700EC8948 /* ActionView.swift */; };
		2B6890A3236B812C00EC8948 /* Assets.xcassets in Resources */ = {isa = PBXBuildFile; fileRef = 2B6890A2236B812C00EC8948 /* Assets.xcassets */; };
		2B6890A6236B812C00EC8948 /* Preview Assets.xcassets in Resources */ = {isa = PBXBuildFile; fileRef = 2B6890A5236B812C00EC8948 /* Preview Assets.xcassets */; };
		2B6890A9236B812C00EC8948 /* LaunchScreen.storyboard in Resources */ = {isa = PBXBuildFile; fileRef = 2B6890A7236B812C00EC8948 /* LaunchScreen.storyboard */; };
		2B6890B4236B812D00EC8948 /* Character_OrganizerTests.swift in Sources */ = {isa = PBXBuildFile; fileRef = 2B6890B3236B812D00EC8948 /* Character_OrganizerTests.swift */; };
		2B6890BF236B84B300EC8948 /* Character.swift in Sources */ = {isa = PBXBuildFile; fileRef = 2B6890BE236B84B300EC8948 /* Character.swift */; };
		2B7B881E2427FE1800340A3E /* Action.swift in Sources */ = {isa = PBXBuildFile; fileRef = 2B7B881D2427FE1800340A3E /* Action.swift */; };
		2B7B88202428015B00340A3E /* AttackCreationView.swift in Sources */ = {isa = PBXBuildFile; fileRef = 2B7B881F2428015B00340A3E /* AttackCreationView.swift */; };
		2BBFC05623EA41FA0019E819 /* EquipmentPicker.swift in Sources */ = {isa = PBXBuildFile; fileRef = 2BBFC05523EA41FA0019E819 /* EquipmentPicker.swift */; };
		2BCA2CB9246A1C7A0066DBD6 /* NumberEditor.swift in Sources */ = {isa = PBXBuildFile; fileRef = 2BCA2CB8246A1C7A0066DBD6 /* NumberEditor.swift */; };
		2BE92C6A23F9C04F00044E68 /* 5e-SRD-Spells.json in Resources */ = {isa = PBXBuildFile; fileRef = 2BE92C6923F9C04F00044E68 /* 5e-SRD-Spells.json */; };
		2BE92C6C23F9D0CE00044E68 /* Spell.swift in Sources */ = {isa = PBXBuildFile; fileRef = 2BE92C6B23F9D0CE00044E68 /* Spell.swift */; };
		2BE92C6E23F9D4CD00044E68 /* SpellPicker.swift in Sources */ = {isa = PBXBuildFile; fileRef = 2BE92C6D23F9D4CD00044E68 /* SpellPicker.swift */; };
		2BE9EF2B23F0B01700422D0D /* 5e-SRD-Damage-Types.json in Resources */ = {isa = PBXBuildFile; fileRef = 2BE9EF2A23F0B01700422D0D /* 5e-SRD-Damage-Types.json */; };
		2BE9EF2D23F0B05C00422D0D /* WeaponModels.swift in Sources */ = {isa = PBXBuildFile; fileRef = 2BE9EF2C23F0B05C00422D0D /* WeaponModels.swift */; };
		2BE9EF2F23F0B31100422D0D /* 5e-SRD-Weapon-Properties.json in Resources */ = {isa = PBXBuildFile; fileRef = 2BE9EF2E23F0B31100422D0D /* 5e-SRD-Weapon-Properties.json */; };
		2BEC8E0C23C3B26C0034CE8B /* 5e-SRD-Skills.json in Resources */ = {isa = PBXBuildFile; fileRef = 2BEC8E0B23C3B26C0034CE8B /* 5e-SRD-Skills.json */; };
		2BF2934E23C4F84300659673 /* Skill.swift in Sources */ = {isa = PBXBuildFile; fileRef = 2BF2934D23C4F84300659673 /* Skill.swift */; };
		2BF2935023C5042F00659673 /* 5e-SRD-Proficiencies.json in Resources */ = {isa = PBXBuildFile; fileRef = 2BF2934F23C5042F00659673 /* 5e-SRD-Proficiencies.json */; };
		2BF2935223C505E000659673 /* Proficiency.swift in Sources */ = {isa = PBXBuildFile; fileRef = 2BF2935123C505E000659673 /* Proficiency.swift */; };
		B01D027D247AF71200F58FFB /* SpellAction.swift in Sources */ = {isa = PBXBuildFile; fileRef = B01D027C247AF71200F58FFB /* SpellAction.swift */; };
/* End PBXBuildFile section */

/* Begin PBXContainerItemProxy section */
		2B6890B0236B812D00EC8948 /* PBXContainerItemProxy */ = {
			isa = PBXContainerItemProxy;
			containerPortal = 2B689091236B812700EC8948 /* Project object */;
			proxyType = 1;
			remoteGlobalIDString = 2B689098236B812700EC8948;
			remoteInfo = "Character Organizer";
		};
/* End PBXContainerItemProxy section */

/* Begin PBXFileReference section */
		2B068BCE23C259A4007893BC /* CreateView.swift */ = {isa = PBXFileReference; lastKnownFileType = sourcecode.swift; path = CreateView.swift; sourceTree = "<group>"; };
		2B068BD123C26A6E007893BC /* RaceView.swift */ = {isa = PBXFileReference; lastKnownFileType = sourcecode.swift; path = RaceView.swift; sourceTree = "<group>"; };
		2B068BD423C26C0F007893BC /* Race.swift */ = {isa = PBXFileReference; lastKnownFileType = sourcecode.swift; path = Race.swift; sourceTree = "<group>"; };
		2B068BDF23C2B495007893BC /* Traits.swift */ = {isa = PBXFileReference; lastKnownFileType = sourcecode.swift; path = Traits.swift; sourceTree = "<group>"; };
		2B068BE123C2B6B2007893BC /* DetailView.swift */ = {isa = PBXFileReference; lastKnownFileType = sourcecode.swift; path = DetailView.swift; sourceTree = "<group>"; };
		2B068BE623C2C814007893BC /* 5e-SRD-Races.json */ = {isa = PBXFileReference; lastKnownFileType = text.json; path = "5e-SRD-Races.json"; sourceTree = "<group>"; };
		2B068BE723C2C814007893BC /* 5e-SRD-Classes.json */ = {isa = PBXFileReference; lastKnownFileType = text.json; path = "5e-SRD-Classes.json"; sourceTree = "<group>"; };
		2B068BE823C2C814007893BC /* 5e-SRD-Subraces.json */ = {isa = PBXFileReference; lastKnownFileType = text.json; path = "5e-SRD-Subraces.json"; sourceTree = "<group>"; };
		2B068BE923C2C814007893BC /* 5e-SRD-Traits.json */ = {isa = PBXFileReference; lastKnownFileType = text.json; path = "5e-SRD-Traits.json"; sourceTree = "<group>"; };
		2B068BEA23C2C879007893BC /* ClassView.swift */ = {isa = PBXFileReference; lastKnownFileType = sourcecode.swift; path = ClassView.swift; sourceTree = "<group>"; };
		2B068BED23C2C920007893BC /* CharacterClass.swift */ = {isa = PBXFileReference; lastKnownFileType = sourcecode.swift; path = CharacterClass.swift; sourceTree = "<group>"; };
		2B16BCE423D80A6E00360928 /* UtiliyStructs.swift */ = {isa = PBXFileReference; lastKnownFileType = sourcecode.swift; path = UtiliyStructs.swift; sourceTree = "<group>"; };
		2B16BCE823D80B0D00360928 /* 5e-SRD-Equipment.json */ = {isa = PBXFileReference; fileEncoding = 4; lastKnownFileType = text.json; path = "5e-SRD-Equipment.json"; sourceTree = "<group>"; };
		2B16BCEA23D80B1800360928 /* 5e-SRD-Equipment-Categories.json */ = {isa = PBXFileReference; fileEncoding = 4; lastKnownFileType = text.json; path = "5e-SRD-Equipment-Categories.json"; sourceTree = "<group>"; };
		2B16BCEC23D80B4D00360928 /* Equipment.swift */ = {isa = PBXFileReference; lastKnownFileType = sourcecode.swift; path = Equipment.swift; sourceTree = "<group>"; };
		2B16BCEE23D8172800360928 /* 5e-SRD-StartingEquipment.json */ = {isa = PBXFileReference; fileEncoding = 4; lastKnownFileType = text.json; path = "5e-SRD-StartingEquipment.json"; sourceTree = "<group>"; };
		2B1AEAE723C6A49C00C7826B /* StatCreationView.swift */ = {isa = PBXFileReference; lastKnownFileType = sourcecode.swift; path = StatCreationView.swift; sourceTree = "<group>"; };
		2B1F45DE246B4E5E00CA6BC7 /* SkillCheckView.swift */ = {isa = PBXFileReference; lastKnownFileType = sourcecode.swift; path = SkillCheckView.swift; sourceTree = "<group>"; };
		2B25B391238B22F8000E022B /* 3dice.aif */ = {isa = PBXFileReference; lastKnownFileType = file; path = 3dice.aif; sourceTree = "<group>"; };
		2B25B392238B22F8000E022B /* DeathSound.aif */ = {isa = PBXFileReference; lastKnownFileType = file; path = DeathSound.aif; sourceTree = "<group>"; };
		2B25B393238B22F8000E022B /* 10dice.aif */ = {isa = PBXFileReference; lastKnownFileType = file; path = 10dice.aif; sourceTree = "<group>"; };
		2B25B394238B22F8000E022B /* Awww.aif */ = {isa = PBXFileReference; lastKnownFileType = file; path = Awww.aif; sourceTree = "<group>"; };
		2B25B395238B22F8000E022B /* 1die.aif */ = {isa = PBXFileReference; lastKnownFileType = file; path = 1die.aif; sourceTree = "<group>"; };
		2B25B396238B2330000E022B /* FDFyreDice.swift */ = {isa = PBXFileReference; lastKnownFileType = sourcecode.swift; path = FDFyreDice.swift; sourceTree = "<group>"; };
		2B25B398238B2B52000E022B /* DiceView.swift */ = {isa = PBXFileReference; lastKnownFileType = sourcecode.swift; path = DiceView.swift; sourceTree = "<group>"; };
		2B2CF77E23D513F500167DB3 /* DescriptionView.swift */ = {isa = PBXFileReference; lastKnownFileType = sourcecode.swift; path = DescriptionView.swift; sourceTree = "<group>"; };
		2B4D5CE9246C8E6C003AAC3C /* DicePickerView.swift */ = {isa = PBXFileReference; fileEncoding = 4; lastKnownFileType = sourcecode.swift; path = DicePickerView.swift; sourceTree = "<group>"; };
		2B4D5CEB246CA421003AAC3C /* WeaponAction.swift */ = {isa = PBXFileReference; lastKnownFileType = sourcecode.swift; path = WeaponAction.swift; sourceTree = "<group>"; };
		2B689099236B812700EC8948 /* Character Organizer.app */ = {isa = PBXFileReference; explicitFileType = wrapper.application; includeInIndex = 0; path = "Character Organizer.app"; sourceTree = BUILT_PRODUCTS_DIR; };
		2B68909C236B812700EC8948 /* AppDelegate.swift */ = {isa = PBXFileReference; lastKnownFileType = sourcecode.swift; path = AppDelegate.swift; sourceTree = "<group>"; };
		2B68909E236B812700EC8948 /* SceneDelegate.swift */ = {isa = PBXFileReference; lastKnownFileType = sourcecode.swift; path = SceneDelegate.swift; sourceTree = "<group>"; };
		2B6890A0236B812700EC8948 /* ActionView.swift */ = {isa = PBXFileReference; lastKnownFileType = sourcecode.swift; path = ActionView.swift; sourceTree = "<group>"; };
		2B6890A2236B812C00EC8948 /* Assets.xcassets */ = {isa = PBXFileReference; lastKnownFileType = folder.assetcatalog; path = Assets.xcassets; sourceTree = "<group>"; };
		2B6890A5236B812C00EC8948 /* Preview Assets.xcassets */ = {isa = PBXFileReference; lastKnownFileType = folder.assetcatalog; path = "Preview Assets.xcassets"; sourceTree = "<group>"; };
		2B6890A8236B812C00EC8948 /* Base */ = {isa = PBXFileReference; lastKnownFileType = file.storyboard; name = Base; path = Base.lproj/LaunchScreen.storyboard; sourceTree = "<group>"; };
		2B6890AA236B812C00EC8948 /* Info.plist */ = {isa = PBXFileReference; lastKnownFileType = text.plist.xml; path = Info.plist; sourceTree = "<group>"; };
		2B6890AF236B812D00EC8948 /* Character OrganizerTests.xctest */ = {isa = PBXFileReference; explicitFileType = wrapper.cfbundle; includeInIndex = 0; path = "Character OrganizerTests.xctest"; sourceTree = BUILT_PRODUCTS_DIR; };
		2B6890B3236B812D00EC8948 /* Character_OrganizerTests.swift */ = {isa = PBXFileReference; lastKnownFileType = sourcecode.swift; path = Character_OrganizerTests.swift; sourceTree = "<group>"; };
		2B6890B5236B812D00EC8948 /* Info.plist */ = {isa = PBXFileReference; lastKnownFileType = text.plist.xml; path = Info.plist; sourceTree = "<group>"; };
		2B6890BE236B84B300EC8948 /* Character.swift */ = {isa = PBXFileReference; lastKnownFileType = sourcecode.swift; path = Character.swift; sourceTree = "<group>"; };
		2B7B881D2427FE1800340A3E /* Action.swift */ = {isa = PBXFileReference; lastKnownFileType = sourcecode.swift; path = Action.swift; sourceTree = "<group>"; };
		2B7B881F2428015B00340A3E /* AttackCreationView.swift */ = {isa = PBXFileReference; lastKnownFileType = sourcecode.swift; path = AttackCreationView.swift; sourceTree = "<group>"; };
		2BBFC05523EA41FA0019E819 /* EquipmentPicker.swift */ = {isa = PBXFileReference; lastKnownFileType = sourcecode.swift; path = EquipmentPicker.swift; sourceTree = "<group>"; };
		2BCA2CB8246A1C7A0066DBD6 /* NumberEditor.swift */ = {isa = PBXFileReference; lastKnownFileType = sourcecode.swift; path = NumberEditor.swift; sourceTree = "<group>"; };
		2BE92C6923F9C04F00044E68 /* 5e-SRD-Spells.json */ = {isa = PBXFileReference; fileEncoding = 4; lastKnownFileType = text.json; path = "5e-SRD-Spells.json"; sourceTree = "<group>"; };
		2BE92C6B23F9D0CE00044E68 /* Spell.swift */ = {isa = PBXFileReference; lastKnownFileType = sourcecode.swift; path = Spell.swift; sourceTree = "<group>"; };
		2BE92C6D23F9D4CD00044E68 /* SpellPicker.swift */ = {isa = PBXFileReference; lastKnownFileType = sourcecode.swift; path = SpellPicker.swift; sourceTree = "<group>"; };
		2BE9EF2A23F0B01700422D0D /* 5e-SRD-Damage-Types.json */ = {isa = PBXFileReference; fileEncoding = 4; lastKnownFileType = text.json; path = "5e-SRD-Damage-Types.json"; sourceTree = "<group>"; };
		2BE9EF2C23F0B05C00422D0D /* WeaponModels.swift */ = {isa = PBXFileReference; lastKnownFileType = sourcecode.swift; path = WeaponModels.swift; sourceTree = "<group>"; };
		2BE9EF2E23F0B31100422D0D /* 5e-SRD-Weapon-Properties.json */ = {isa = PBXFileReference; fileEncoding = 4; lastKnownFileType = text.json; path = "5e-SRD-Weapon-Properties.json"; sourceTree = "<group>"; };
		2BEC8E0B23C3B26C0034CE8B /* 5e-SRD-Skills.json */ = {isa = PBXFileReference; fileEncoding = 4; lastKnownFileType = text.json; path = "5e-SRD-Skills.json"; sourceTree = "<group>"; };
		2BF2934D23C4F84300659673 /* Skill.swift */ = {isa = PBXFileReference; lastKnownFileType = sourcecode.swift; path = Skill.swift; sourceTree = "<group>"; };
		2BF2934F23C5042F00659673 /* 5e-SRD-Proficiencies.json */ = {isa = PBXFileReference; fileEncoding = 4; lastKnownFileType = text.json; path = "5e-SRD-Proficiencies.json"; sourceTree = "<group>"; };
		2BF2935123C505E000659673 /* Proficiency.swift */ = {isa = PBXFileReference; fileEncoding = 4; lastKnownFileType = sourcecode.swift; path = Proficiency.swift; sourceTree = "<group>"; };
		B01D027C247AF71200F58FFB /* SpellAction.swift */ = {isa = PBXFileReference; fileEncoding = 4; lastKnownFileType = sourcecode.swift; path = SpellAction.swift; sourceTree = "<group>"; };
/* End PBXFileReference section */

/* Begin PBXFrameworksBuildPhase section */
		2B689096236B812700EC8948 /* Frameworks */ = {
			isa = PBXFrameworksBuildPhase;
			buildActionMask = 2147483647;
			files = (
			);
			runOnlyForDeploymentPostprocessing = 0;
		};
		2B6890AC236B812D00EC8948 /* Frameworks */ = {
			isa = PBXFrameworksBuildPhase;
			buildActionMask = 2147483647;
			files = (
			);
			runOnlyForDeploymentPostprocessing = 0;
		};
/* End PBXFrameworksBuildPhase section */

/* Begin PBXGroup section */
		2B068BD023C26A40007893BC /* Dice */ = {
			isa = PBXGroup;
			children = (
				2B4D5CE9246C8E6C003AAC3C /* DicePickerView.swift */,
				2B25B398238B2B52000E022B /* DiceView.swift */,
				2B25B396238B2330000E022B /* FDFyreDice.swift */,
			);
			path = Dice;
			sourceTree = "<group>";
		};
		2B068BD323C26A75007893BC /* Races */ = {
			isa = PBXGroup;
			children = (
				2B068BD123C26A6E007893BC /* RaceView.swift */,
				2B068BD423C26C0F007893BC /* Race.swift */,
			);
			path = Races;
			sourceTree = "<group>";
		};
		2B068BE523C2C814007893BC /* Data Files */ = {
			isa = PBXGroup;
			children = (
				2BE92C6923F9C04F00044E68 /* 5e-SRD-Spells.json */,
				2BE9EF2A23F0B01700422D0D /* 5e-SRD-Damage-Types.json */,
				2B16BCEE23D8172800360928 /* 5e-SRD-StartingEquipment.json */,
				2B16BCE823D80B0D00360928 /* 5e-SRD-Equipment.json */,
				2B16BCEA23D80B1800360928 /* 5e-SRD-Equipment-Categories.json */,
				2B068BE623C2C814007893BC /* 5e-SRD-Races.json */,
				2B068BE723C2C814007893BC /* 5e-SRD-Classes.json */,
				2B068BE823C2C814007893BC /* 5e-SRD-Subraces.json */,
				2B068BE923C2C814007893BC /* 5e-SRD-Traits.json */,
				2BEC8E0B23C3B26C0034CE8B /* 5e-SRD-Skills.json */,
				2BF2934F23C5042F00659673 /* 5e-SRD-Proficiencies.json */,
				2BE9EF2E23F0B31100422D0D /* 5e-SRD-Weapon-Properties.json */,
			);
			path = "Data Files";
			sourceTree = "<group>";
		};
		2B068BEC23C2C87F007893BC /* Classes */ = {
			isa = PBXGroup;
			children = (
				2B068BEA23C2C879007893BC /* ClassView.swift */,
				2B068BED23C2C920007893BC /* CharacterClass.swift */,
				2BF2935123C505E000659673 /* Proficiency.swift */,
			);
			path = Classes;
			sourceTree = "<group>";
		};
		2B16BCE623D80A9F00360928 /* Misc Models */ = {
			isa = PBXGroup;
			children = (
				2B6890BE236B84B300EC8948 /* Character.swift */,
				2B068BDF23C2B495007893BC /* Traits.swift */,
				2B16BCE423D80A6E00360928 /* UtiliyStructs.swift */,
				2B16BCEC23D80B4D00360928 /* Equipment.swift */,
				2BE9EF2C23F0B05C00422D0D /* WeaponModels.swift */,
				2BE92C6B23F9D0CE00044E68 /* Spell.swift */,
				2B7B881D2427FE1800340A3E /* Action.swift */,
				2BF2934D23C4F84300659673 /* Skill.swift */,
			);
			path = "Misc Models";
			sourceTree = "<group>";
		};
		2B16BCE723D80AC700360928 /* Creation */ = {
			isa = PBXGroup;
			children = (
				2B068BCE23C259A4007893BC /* CreateView.swift */,
				2B1AEAE723C6A49C00C7826B /* StatCreationView.swift */,
			);
			path = Creation;
			sourceTree = "<group>";
		};
		2B25B390238B22F8000E022B /* Sounds */ = {
			isa = PBXGroup;
			children = (
				2B25B391238B22F8000E022B /* 3dice.aif */,
				2B25B392238B22F8000E022B /* DeathSound.aif */,
				2B25B393238B22F8000E022B /* 10dice.aif */,
				2B25B394238B22F8000E022B /* Awww.aif */,
				2B25B395238B22F8000E022B /* 1die.aif */,
			);
			path = Sounds;
			sourceTree = "<group>";
		};
		2B689090236B812700EC8948 = {
			isa = PBXGroup;
			children = (
				2B68909B236B812700EC8948 /* Character Organizer */,
				2B6890B2236B812D00EC8948 /* Character OrganizerTests */,
				2B68909A236B812700EC8948 /* Products */,
			);
			sourceTree = "<group>";
		};
		2B68909A236B812700EC8948 /* Products */ = {
			isa = PBXGroup;
			children = (
				2B689099236B812700EC8948 /* Character Organizer.app */,
				2B6890AF236B812D00EC8948 /* Character OrganizerTests.xctest */,
			);
			name = Products;
			sourceTree = "<group>";
		};
		2B68909B236B812700EC8948 /* Character Organizer */ = {
			isa = PBXGroup;
			children = (
				2B68909C236B812700EC8948 /* AppDelegate.swift */,
				2B68909E236B812700EC8948 /* SceneDelegate.swift */,
				2B6890A0236B812700EC8948 /* ActionView.swift */,
				2B2CF77E23D513F500167DB3 /* DescriptionView.swift */,
				2B068BE123C2B6B2007893BC /* DetailView.swift */,
				2BBFC05523EA41FA0019E819 /* EquipmentPicker.swift */,
				2BE92C6D23F9D4CD00044E68 /* SpellPicker.swift */,
				2B7B881F2428015B00340A3E /* AttackCreationView.swift */,
				2BCA2CB8246A1C7A0066DBD6 /* NumberEditor.swift */,
				2B1F45DE246B4E5E00CA6BC7 /* SkillCheckView.swift */,
				B01D027E247AF71D00F58FFB /* New Group */,
				2B16BCE723D80AC700360928 /* Creation */,
				2B16BCE623D80A9F00360928 /* Misc Models */,
				2B068BD323C26A75007893BC /* Races */,
				2B068BEC23C2C87F007893BC /* Classes */,
				2B068BD023C26A40007893BC /* Dice */,
				2B6890A2236B812C00EC8948 /* Assets.xcassets */,
				2B6890A7236B812C00EC8948 /* LaunchScreen.storyboard */,
				2B6890AA236B812C00EC8948 /* Info.plist */,
				2B6890A4236B812C00EC8948 /* Preview Content */,
				2B25B390238B22F8000E022B /* Sounds */,
				2B068BE523C2C814007893BC /* Data Files */,
			);
			path = "Character Organizer";
			sourceTree = "<group>";
		};
		2B6890A4236B812C00EC8948 /* Preview Content */ = {
			isa = PBXGroup;
			children = (
				2B6890A5236B812C00EC8948 /* Preview Assets.xcassets */,
			);
			path = "Preview Content";
			sourceTree = "<group>";
		};
		2B6890B2236B812D00EC8948 /* Character OrganizerTests */ = {
			isa = PBXGroup;
			children = (
				2B6890B3236B812D00EC8948 /* Character_OrganizerTests.swift */,
				2B6890B5236B812D00EC8948 /* Info.plist */,
			);
			path = "Character OrganizerTests";
			sourceTree = "<group>";
		};
		B01D027E247AF71D00F58FFB /* New Group */ = {
			isa = PBXGroup;
			children = (
				2B4D5CEB246CA421003AAC3C /* WeaponAction.swift */,
				B01D027C247AF71200F58FFB /* SpellAction.swift */,
			);
			path = "New Group";
			sourceTree = "<group>";
		};
/* End PBXGroup section */

/* Begin PBXNativeTarget section */
		2B689098236B812700EC8948 /* Character Organizer */ = {
			isa = PBXNativeTarget;
			buildConfigurationList = 2B6890B8236B812D00EC8948 /* Build configuration list for PBXNativeTarget "Character Organizer" */;
			buildPhases = (
				2B689095236B812700EC8948 /* Sources */,
				2B689096236B812700EC8948 /* Frameworks */,
				2B689097236B812700EC8948 /* Resources */,
			);
			buildRules = (
			);
			dependencies = (
			);
			name = "Character Organizer";
			productName = "Character Organizer";
			productReference = 2B689099236B812700EC8948 /* Character Organizer.app */;
			productType = "com.apple.product-type.application";
		};
		2B6890AE236B812D00EC8948 /* Character OrganizerTests */ = {
			isa = PBXNativeTarget;
			buildConfigurationList = 2B6890BB236B812D00EC8948 /* Build configuration list for PBXNativeTarget "Character OrganizerTests" */;
			buildPhases = (
				2B6890AB236B812D00EC8948 /* Sources */,
				2B6890AC236B812D00EC8948 /* Frameworks */,
				2B6890AD236B812D00EC8948 /* Resources */,
			);
			buildRules = (
			);
			dependencies = (
				2B6890B1236B812D00EC8948 /* PBXTargetDependency */,
			);
			name = "Character OrganizerTests";
			productName = "Character OrganizerTests";
			productReference = 2B6890AF236B812D00EC8948 /* Character OrganizerTests.xctest */;
			productType = "com.apple.product-type.bundle.unit-test";
		};
/* End PBXNativeTarget section */

/* Begin PBXProject section */
		2B689091236B812700EC8948 /* Project object */ = {
			isa = PBXProject;
			attributes = {
				LastSwiftUpdateCheck = 1110;
				LastUpgradeCheck = 1110;
				ORGANIZATIONNAME = "Tryal by Fyre";
				TargetAttributes = {
					2B689098236B812700EC8948 = {
						CreatedOnToolsVersion = 11.1;
					};
					2B6890AE236B812D00EC8948 = {
						CreatedOnToolsVersion = 11.1;
						TestTargetID = 2B689098236B812700EC8948;
					};
				};
			};
			buildConfigurationList = 2B689094236B812700EC8948 /* Build configuration list for PBXProject "Character Organizer" */;
			compatibilityVersion = "Xcode 9.3";
			developmentRegion = en;
			hasScannedForEncodings = 0;
			knownRegions = (
				en,
				Base,
			);
			mainGroup = 2B689090236B812700EC8948;
			productRefGroup = 2B68909A236B812700EC8948 /* Products */;
			projectDirPath = "";
			projectRoot = "";
			targets = (
				2B689098236B812700EC8948 /* Character Organizer */,
				2B6890AE236B812D00EC8948 /* Character OrganizerTests */,
			);
		};
/* End PBXProject section */

/* Begin PBXResourcesBuildPhase section */
		2B689097236B812700EC8948 /* Resources */ = {
			isa = PBXResourcesBuildPhase;
			buildActionMask = 2147483647;
			files = (
				2B16BCEB23D80B1800360928 /* 5e-SRD-Equipment-Categories.json in Resources */,
				2B068BF023C2CCBA007893BC /* 5e-SRD-Classes.json in Resources */,
				2B6890A9236B812C00EC8948 /* LaunchScreen.storyboard in Resources */,
				2B27BF9923BFFEE0001719A0 /* 1die.aif in Resources */,
				2BE9EF2F23F0B31100422D0D /* 5e-SRD-Weapon-Properties.json in Resources */,
				2BF2935023C5042F00659673 /* 5e-SRD-Proficiencies.json in Resources */,
				2B6890A6236B812C00EC8948 /* Preview Assets.xcassets in Resources */,
				2B27BF9723BFFEE0001719A0 /* 10dice.aif in Resources */,
				2B16BCEF23D8172800360928 /* 5e-SRD-StartingEquipment.json in Resources */,
				2B16BCE923D80B0D00360928 /* 5e-SRD-Equipment.json in Resources */,
				2B068BF123C2CCBA007893BC /* 5e-SRD-Subraces.json in Resources */,
				2BE9EF2B23F0B01700422D0D /* 5e-SRD-Damage-Types.json in Resources */,
				2B068BF223C2CCBA007893BC /* 5e-SRD-Traits.json in Resources */,
				2B6890A3236B812C00EC8948 /* Assets.xcassets in Resources */,
				2B27BF9823BFFEE0001719A0 /* Awww.aif in Resources */,
				2B27BF9623BFFEE0001719A0 /* DeathSound.aif in Resources */,
				2BEC8E0C23C3B26C0034CE8B /* 5e-SRD-Skills.json in Resources */,
				2B27BF9523BFFEE0001719A0 /* 3dice.aif in Resources */,
				2BE92C6A23F9C04F00044E68 /* 5e-SRD-Spells.json in Resources */,
				2B068BEF23C2CCBA007893BC /* 5e-SRD-Races.json in Resources */,
			);
			runOnlyForDeploymentPostprocessing = 0;
		};
		2B6890AD236B812D00EC8948 /* Resources */ = {
			isa = PBXResourcesBuildPhase;
			buildActionMask = 2147483647;
			files = (
			);
			runOnlyForDeploymentPostprocessing = 0;
		};
/* End PBXResourcesBuildPhase section */

/* Begin PBXSourcesBuildPhase section */
		2B689095236B812700EC8948 /* Sources */ = {
			isa = PBXSourcesBuildPhase;
			buildActionMask = 2147483647;
			files = (
				2BCA2CB9246A1C7A0066DBD6 /* NumberEditor.swift in Sources */,
				2B68909D236B812700EC8948 /* AppDelegate.swift in Sources */,
				2B4D5CEC246CA421003AAC3C /* WeaponAction.swift in Sources */,
				2B25B399238B2B52000E022B /* DiceView.swift in Sources */,
				2B68909F236B812700EC8948 /* SceneDelegate.swift in Sources */,
				2B7B88202428015B00340A3E /* AttackCreationView.swift in Sources */,
				2B4D5CEA246C8E6C003AAC3C /* DicePickerView.swift in Sources */,
				2B6890A1236B812700EC8948 /* ActionView.swift in Sources */,
				2BE92C6C23F9D0CE00044E68 /* Spell.swift in Sources */,
				2B16BCE523D80A6E00360928 /* UtiliyStructs.swift in Sources */,
				2BE9EF2D23F0B05C00422D0D /* WeaponModels.swift in Sources */,
				2B068BE223C2B6B2007893BC /* DetailView.swift in Sources */,
				2BE92C6E23F9D4CD00044E68 /* SpellPicker.swift in Sources */,
				2B068BD523C26C0F007893BC /* Race.swift in Sources */,
				2BF2935223C505E000659673 /* Proficiency.swift in Sources */,
				2B068BCF23C259A4007893BC /* CreateView.swift in Sources */,
				2BF2934E23C4F84300659673 /* Skill.swift in Sources */,
				2B7B881E2427FE1800340A3E /* Action.swift in Sources */,
				2B25B397238B2330000E022B /* FDFyreDice.swift in Sources */,
				2B6890BF236B84B300EC8948 /* Character.swift in Sources */,
				2B068BEE23C2C920007893BC /* CharacterClass.swift in Sources */,
				2B16BCED23D80B4D00360928 /* Equipment.swift in Sources */,
				2B068BE023C2B495007893BC /* Traits.swift in Sources */,
				2B1F45DF246B4E5E00CA6BC7 /* SkillCheckView.swift in Sources */,
				B01D027D247AF71200F58FFB /* SpellAction.swift in Sources */,
				2B1AEAE823C6A49C00C7826B /* StatCreationView.swift in Sources */,
				2B2CF77F23D513F500167DB3 /* DescriptionView.swift in Sources */,
				2B068BD223C26A6E007893BC /* RaceView.swift in Sources */,
				2BBFC05623EA41FA0019E819 /* EquipmentPicker.swift in Sources */,
				2B068BEB23C2C879007893BC /* ClassView.swift in Sources */,
			);
			runOnlyForDeploymentPostprocessing = 0;
		};
		2B6890AB236B812D00EC8948 /* Sources */ = {
			isa = PBXSourcesBuildPhase;
			buildActionMask = 2147483647;
			files = (
				2B6890B4236B812D00EC8948 /* Character_OrganizerTests.swift in Sources */,
			);
			runOnlyForDeploymentPostprocessing = 0;
		};
/* End PBXSourcesBuildPhase section */

/* Begin PBXTargetDependency section */
		2B6890B1236B812D00EC8948 /* PBXTargetDependency */ = {
			isa = PBXTargetDependency;
			target = 2B689098236B812700EC8948 /* Character Organizer */;
			targetProxy = 2B6890B0236B812D00EC8948 /* PBXContainerItemProxy */;
		};
/* End PBXTargetDependency section */

/* Begin PBXVariantGroup section */
		2B6890A7236B812C00EC8948 /* LaunchScreen.storyboard */ = {
			isa = PBXVariantGroup;
			children = (
				2B6890A8236B812C00EC8948 /* Base */,
			);
			name = LaunchScreen.storyboard;
			sourceTree = "<group>";
		};
/* End PBXVariantGroup section */

/* Begin XCBuildConfiguration section */
		2B6890B6236B812D00EC8948 /* Debug */ = {
			isa = XCBuildConfiguration;
			buildSettings = {
				ALWAYS_SEARCH_USER_PATHS = NO;
				CLANG_ANALYZER_NONNULL = YES;
				CLANG_ANALYZER_NUMBER_OBJECT_CONVERSION = YES_AGGRESSIVE;
				CLANG_CXX_LANGUAGE_STANDARD = "gnu++14";
				CLANG_CXX_LIBRARY = "libc++";
				CLANG_ENABLE_MODULES = YES;
				CLANG_ENABLE_OBJC_ARC = YES;
				CLANG_ENABLE_OBJC_WEAK = YES;
				CLANG_WARN_BLOCK_CAPTURE_AUTORELEASING = YES;
				CLANG_WARN_BOOL_CONVERSION = YES;
				CLANG_WARN_COMMA = YES;
				CLANG_WARN_CONSTANT_CONVERSION = YES;
				CLANG_WARN_DEPRECATED_OBJC_IMPLEMENTATIONS = YES;
				CLANG_WARN_DIRECT_OBJC_ISA_USAGE = YES_ERROR;
				CLANG_WARN_DOCUMENTATION_COMMENTS = YES;
				CLANG_WARN_EMPTY_BODY = YES;
				CLANG_WARN_ENUM_CONVERSION = YES;
				CLANG_WARN_INFINITE_RECURSION = YES;
				CLANG_WARN_INT_CONVERSION = YES;
				CLANG_WARN_NON_LITERAL_NULL_CONVERSION = YES;
				CLANG_WARN_OBJC_IMPLICIT_RETAIN_SELF = YES;
				CLANG_WARN_OBJC_LITERAL_CONVERSION = YES;
				CLANG_WARN_OBJC_ROOT_CLASS = YES_ERROR;
				CLANG_WARN_RANGE_LOOP_ANALYSIS = YES;
				CLANG_WARN_STRICT_PROTOTYPES = YES;
				CLANG_WARN_SUSPICIOUS_MOVE = YES;
				CLANG_WARN_UNGUARDED_AVAILABILITY = YES_AGGRESSIVE;
				CLANG_WARN_UNREACHABLE_CODE = YES;
				CLANG_WARN__DUPLICATE_METHOD_MATCH = YES;
				COPY_PHASE_STRIP = NO;
				DEBUG_INFORMATION_FORMAT = dwarf;
				ENABLE_STRICT_OBJC_MSGSEND = YES;
				ENABLE_TESTABILITY = YES;
				GCC_C_LANGUAGE_STANDARD = gnu11;
				GCC_DYNAMIC_NO_PIC = NO;
				GCC_NO_COMMON_BLOCKS = YES;
				GCC_OPTIMIZATION_LEVEL = 0;
				GCC_PREPROCESSOR_DEFINITIONS = (
					"DEBUG=1",
					"$(inherited)",
				);
				GCC_WARN_64_TO_32_BIT_CONVERSION = YES;
				GCC_WARN_ABOUT_RETURN_TYPE = YES_ERROR;
				GCC_WARN_UNDECLARED_SELECTOR = YES;
				GCC_WARN_UNINITIALIZED_AUTOS = YES_AGGRESSIVE;
				GCC_WARN_UNUSED_FUNCTION = YES;
				GCC_WARN_UNUSED_VARIABLE = YES;
				IPHONEOS_DEPLOYMENT_TARGET = 13.1;
				MTL_ENABLE_DEBUG_INFO = INCLUDE_SOURCE;
				MTL_FAST_MATH = YES;
				ONLY_ACTIVE_ARCH = YES;
				SDKROOT = iphoneos;
				SWIFT_ACTIVE_COMPILATION_CONDITIONS = DEBUG;
				SWIFT_OPTIMIZATION_LEVEL = "-Onone";
			};
			name = Debug;
		};
		2B6890B7236B812D00EC8948 /* Release */ = {
			isa = XCBuildConfiguration;
			buildSettings = {
				ALWAYS_SEARCH_USER_PATHS = NO;
				CLANG_ANALYZER_NONNULL = YES;
				CLANG_ANALYZER_NUMBER_OBJECT_CONVERSION = YES_AGGRESSIVE;
				CLANG_CXX_LANGUAGE_STANDARD = "gnu++14";
				CLANG_CXX_LIBRARY = "libc++";
				CLANG_ENABLE_MODULES = YES;
				CLANG_ENABLE_OBJC_ARC = YES;
				CLANG_ENABLE_OBJC_WEAK = YES;
				CLANG_WARN_BLOCK_CAPTURE_AUTORELEASING = YES;
				CLANG_WARN_BOOL_CONVERSION = YES;
				CLANG_WARN_COMMA = YES;
				CLANG_WARN_CONSTANT_CONVERSION = YES;
				CLANG_WARN_DEPRECATED_OBJC_IMPLEMENTATIONS = YES;
				CLANG_WARN_DIRECT_OBJC_ISA_USAGE = YES_ERROR;
				CLANG_WARN_DOCUMENTATION_COMMENTS = YES;
				CLANG_WARN_EMPTY_BODY = YES;
				CLANG_WARN_ENUM_CONVERSION = YES;
				CLANG_WARN_INFINITE_RECURSION = YES;
				CLANG_WARN_INT_CONVERSION = YES;
				CLANG_WARN_NON_LITERAL_NULL_CONVERSION = YES;
				CLANG_WARN_OBJC_IMPLICIT_RETAIN_SELF = YES;
				CLANG_WARN_OBJC_LITERAL_CONVERSION = YES;
				CLANG_WARN_OBJC_ROOT_CLASS = YES_ERROR;
				CLANG_WARN_RANGE_LOOP_ANALYSIS = YES;
				CLANG_WARN_STRICT_PROTOTYPES = YES;
				CLANG_WARN_SUSPICIOUS_MOVE = YES;
				CLANG_WARN_UNGUARDED_AVAILABILITY = YES_AGGRESSIVE;
				CLANG_WARN_UNREACHABLE_CODE = YES;
				CLANG_WARN__DUPLICATE_METHOD_MATCH = YES;
				COPY_PHASE_STRIP = NO;
				DEBUG_INFORMATION_FORMAT = "dwarf-with-dsym";
				ENABLE_NS_ASSERTIONS = NO;
				ENABLE_STRICT_OBJC_MSGSEND = YES;
				GCC_C_LANGUAGE_STANDARD = gnu11;
				GCC_NO_COMMON_BLOCKS = YES;
				GCC_WARN_64_TO_32_BIT_CONVERSION = YES;
				GCC_WARN_ABOUT_RETURN_TYPE = YES_ERROR;
				GCC_WARN_UNDECLARED_SELECTOR = YES;
				GCC_WARN_UNINITIALIZED_AUTOS = YES_AGGRESSIVE;
				GCC_WARN_UNUSED_FUNCTION = YES;
				GCC_WARN_UNUSED_VARIABLE = YES;
				IPHONEOS_DEPLOYMENT_TARGET = 13.1;
				MTL_ENABLE_DEBUG_INFO = NO;
				MTL_FAST_MATH = YES;
				SDKROOT = iphoneos;
				SWIFT_COMPILATION_MODE = wholemodule;
				SWIFT_OPTIMIZATION_LEVEL = "-O";
				VALIDATE_PRODUCT = YES;
			};
			name = Release;
		};
		2B6890B9236B812D00EC8948 /* Debug */ = {
			isa = XCBuildConfiguration;
			buildSettings = {
				ASSETCATALOG_COMPILER_APPICON_NAME = AppIcon;
				CODE_SIGN_STYLE = Automatic;
				DEVELOPMENT_ASSET_PATHS = "\"Character Organizer/Preview Content\"";
				DEVELOPMENT_TEAM = EKUA3NG8A6;
				ENABLE_PREVIEWS = YES;
				INFOPLIST_FILE = "Character Organizer/Info.plist";
				LD_RUNPATH_SEARCH_PATHS = (
					"$(inherited)",
					"@executable_path/Frameworks",
				);
				PRODUCT_BUNDLE_IDENTIFIER = "com.Character-Organizer";
				PRODUCT_NAME = "$(TARGET_NAME)";
				SWIFT_VERSION = 5.0;
				TARGETED_DEVICE_FAMILY = 2;
			};
			name = Debug;
		};
		2B6890BA236B812D00EC8948 /* Release */ = {
			isa = XCBuildConfiguration;
			buildSettings = {
				ASSETCATALOG_COMPILER_APPICON_NAME = AppIcon;
				CODE_SIGN_STYLE = Automatic;
				DEVELOPMENT_ASSET_PATHS = "\"Character Organizer/Preview Content\"";
				DEVELOPMENT_TEAM = EKUA3NG8A6;
				ENABLE_PREVIEWS = YES;
				INFOPLIST_FILE = "Character Organizer/Info.plist";
				LD_RUNPATH_SEARCH_PATHS = (
					"$(inherited)",
					"@executable_path/Frameworks",
				);
				PRODUCT_BUNDLE_IDENTIFIER = "com.Character-Organizer";
				PRODUCT_NAME = "$(TARGET_NAME)";
				SWIFT_VERSION = 5.0;
				TARGETED_DEVICE_FAMILY = 2;
			};
			name = Release;
		};
		2B6890BC236B812D00EC8948 /* Debug */ = {
			isa = XCBuildConfiguration;
			buildSettings = {
				ALWAYS_EMBED_SWIFT_STANDARD_LIBRARIES = YES;
				BUNDLE_LOADER = "$(TEST_HOST)";
				CODE_SIGN_STYLE = Automatic;
				DEVELOPMENT_TEAM = EKUA3NG8A6;
				INFOPLIST_FILE = "Character OrganizerTests/Info.plist";
				IPHONEOS_DEPLOYMENT_TARGET = 13.1;
				LD_RUNPATH_SEARCH_PATHS = (
					"$(inherited)",
					"@executable_path/Frameworks",
					"@loader_path/Frameworks",
				);
				PRODUCT_BUNDLE_IDENTIFIER = "com.Character-OrganizerTests";
				PRODUCT_NAME = "$(TARGET_NAME)";
				SWIFT_VERSION = 5.0;
				TARGETED_DEVICE_FAMILY = "1,2";
				TEST_HOST = "$(BUILT_PRODUCTS_DIR)/Character Organizer.app/Character Organizer";
			};
			name = Debug;
		};
		2B6890BD236B812D00EC8948 /* Release */ = {
			isa = XCBuildConfiguration;
			buildSettings = {
				ALWAYS_EMBED_SWIFT_STANDARD_LIBRARIES = YES;
				BUNDLE_LOADER = "$(TEST_HOST)";
				CODE_SIGN_STYLE = Automatic;
				DEVELOPMENT_TEAM = EKUA3NG8A6;
				INFOPLIST_FILE = "Character OrganizerTests/Info.plist";
				IPHONEOS_DEPLOYMENT_TARGET = 13.1;
				LD_RUNPATH_SEARCH_PATHS = (
					"$(inherited)",
					"@executable_path/Frameworks",
					"@loader_path/Frameworks",
				);
				PRODUCT_BUNDLE_IDENTIFIER = "com.Character-OrganizerTests";
				PRODUCT_NAME = "$(TARGET_NAME)";
				SWIFT_VERSION = 5.0;
				TARGETED_DEVICE_FAMILY = "1,2";
				TEST_HOST = "$(BUILT_PRODUCTS_DIR)/Character Organizer.app/Character Organizer";
			};
			name = Release;
		};
/* End XCBuildConfiguration section */

/* Begin XCConfigurationList section */
		2B689094236B812700EC8948 /* Build configuration list for PBXProject "Character Organizer" */ = {
			isa = XCConfigurationList;
			buildConfigurations = (
				2B6890B6236B812D00EC8948 /* Debug */,
				2B6890B7236B812D00EC8948 /* Release */,
			);
			defaultConfigurationIsVisible = 0;
			defaultConfigurationName = Release;
		};
		2B6890B8236B812D00EC8948 /* Build configuration list for PBXNativeTarget "Character Organizer" */ = {
			isa = XCConfigurationList;
			buildConfigurations = (
				2B6890B9236B812D00EC8948 /* Debug */,
				2B6890BA236B812D00EC8948 /* Release */,
			);
			defaultConfigurationIsVisible = 0;
			defaultConfigurationName = Release;
		};
		2B6890BB236B812D00EC8948 /* Build configuration list for PBXNativeTarget "Character OrganizerTests" */ = {
			isa = XCConfigurationList;
			buildConfigurations = (
				2B6890BC236B812D00EC8948 /* Debug */,
				2B6890BD236B812D00EC8948 /* Release */,
			);
			defaultConfigurationIsVisible = 0;
			defaultConfigurationName = Release;
		};
/* End XCConfigurationList section */
	};
	rootObject = 2B689091236B812700EC8948 /* Project object */;
}
